
Microsoft Visual Studio Solution File, Format Version 12.00
# Visual Studio Version 16
VisualStudioVersion = 16.0.29519.87
MinimumVisualStudioVersion = 10.0.40219.1
Project("{FAE04EC0-301F-11D3-BF4B-00C04F79EFBC}") = "Day12", "Day12.csproj", "{988CA364-8380-435A-95B0-47F03309408F}"
EndProject
Global
	GlobalSection(SolutionConfigurationPlatforms) = preSolution
		Debug|Any CPU = Debug|Any CPU
		Release|Any CPU = Release|Any CPU
	EndGlobalSection
	GlobalSection(ProjectConfigurationPlatforms) = postSolution
		{988CA364-8380-435A-95B0-47F03309408F}.Debug|Any CPU.ActiveCfg = Debug|Any CPU
		{988CA364-8380-435A-95B0-47F03309408F}.Debug|Any CPU.Build.0 = Debug|Any CPU
		{988CA364-8380-435A-95B0-47F03309408F}.Release|Any CPU.ActiveCfg = Release|Any CPU
		{988CA364-8380-435A-95B0-47F03309408F}.Release|Any CPU.Build.0 = Release|Any CPU
	EndGlobalSection
	GlobalSection(SolutionProperties) = preSolution
		HideSolutionNode = FALSE
	EndGlobalSection
	GlobalSection(ExtensibilityGlobals) = postSolution
		SolutionGuid = {7B0E179D-C455-4D44-8B04-97645C39B037}
	EndGlobalSection
EndGlobal
